{
  "requires": true,
  "lockfileVersion": 1,
  "dependencies": {
    "@tailwindcss/line-clamp": {
      "version": "0.4.0",
      "resolved": "https://registry.npmjs.org/@tailwindcss/line-clamp/-/line-clamp-0.4.0.tgz",
      "integrity": "sha512-HQZo6gfx1D0+DU3nWlNLD5iA6Ef4JAXh0LeD8lOGrJwEDBwwJNKQza6WoXhhY1uQrxOuU8ROxV7CqiQV4CoiLw==",
      "dev": true
    }
  }
}
